// !$*UTF8*$!
{
	archiveVersion = 1;
	classes = {
	};
	objectVersion = 46;
	objects = {

/* Begin PBXBuildFile section */
		8087682D1A70CA900082E1EC /* main.m in Sources */ = {isa = PBXBuildFile; fileRef = 8087682C1A70CA900082E1EC /* main.m */; };
		808768301A70CA900082E1EC /* AppDelegate.m in Sources */ = {isa = PBXBuildFile; fileRef = 8087682F1A70CA900082E1EC /* AppDelegate.m */; };
		808768331A70CA900082E1EC /* ViewController.m in Sources */ = {isa = PBXBuildFile; fileRef = 808768321A70CA900082E1EC /* ViewController.m */; };
		808768361A70CA900082E1EC /* Main.storyboard in Resources */ = {isa = PBXBuildFile; fileRef = 808768341A70CA900082E1EC /* Main.storyboard */; };
		808768381A70CA900082E1EC /* Images.xcassets in Resources */ = {isa = PBXBuildFile; fileRef = 808768371A70CA900082E1EC /* Images.xcassets */; };
		8087683B1A70CA900082E1EC /* LaunchScreen.xib in Resources */ = {isa = PBXBuildFile; fileRef = 808768391A70CA900082E1EC /* LaunchScreen.xib */; };
		808768471A70CA900082E1EC /* Lab1Tests.m in Sources */ = {isa = PBXBuildFile; fileRef = 808768461A70CA900082E1EC /* Lab1Tests.m */; };
/* End PBXBuildFile section */

/* Begin PBXContainerItemProxy section */
		808768411A70CA900082E1EC /* PBXContainerItemProxy */ = {
			isa = PBXContainerItemProxy;
			containerPortal = 8087681F1A70CA900082E1EC /* Project object */;
			proxyType = 1;
			remoteGlobalIDString = 808768261A70CA900082E1EC;
			remoteInfo = Lab1;
		};
/* End PBXContainerItemProxy section */

/* Begin PBXFileReference section */
		808768271A70CA900082E1EC /* Lab1.app */ = {isa = PBXFileReference; explicitFileType = wrapper.application; includeInIndex = 0; path = Lab1.app; sourceTree = BUILT_PRODUCTS_DIR; };
		8087682B1A70CA900082E1EC /* Info.plist */ = {isa = PBXFileReference; lastKnownFileType = text.plist.xml; path = Info.plist; sourceTree = "<group>"; };
		8087682C1A70CA900082E1EC /* main.m */ = {isa = PBXFileReference; lastKnownFileType = sourcecode.c.objc; path = main.m; sourceTree = "<group>"; };
		8087682E1A70CA900082E1EC /* AppDelegate.h */ = {isa = PBXFileReference; lastKnownFileType = sourcecode.c.h; path = AppDelegate.h; sourceTree = "<group>"; };
		8087682F1A70CA900082E1EC /* AppDelegate.m */ = {isa = PBXFileReference; lastKnownFileType = sourcecode.c.objc; path = AppDelegate.m; sourceTree = "<group>"; };
		808768311A70CA900082E1EC /* ViewController.h */ = {isa = PBXFileReference; lastKnownFileType = sourcecode.c.h; path = ViewController.h; sourceTree = "<group>"; };
		808768321A70CA900082E1EC /* ViewController.m */ = {isa = PBXFileReference; lastKnownFileType = sourcecode.c.objc; path = ViewController.m; sourceTree = "<group>"; };
		808768351A70CA900082E1EC /* Base */ = {isa = PBXFileReference; lastKnownFileType = file.storyboard; name = Base; path = Base.lproj/Main.storyboard; sourceTree = "<group>"; };
		808768371A70CA900082E1EC /* Images.xcassets */ = {isa = PBXFileReference; lastKnownFileType = folder.assetcatalog; path = Images.xcassets; sourceTree = "<group>"; };
		8087683A1A70CA900082E1EC /* Base */ = {isa = PBXFileReference; lastKnownFileType = file.xib; name = Base; path = Base.lproj/LaunchScreen.xib; sourceTree = "<group>"; };
		808768401A70CA900082E1EC /* Lab1Tests.xctest */ = {isa = PBXFileReference; explicitFileType = wrapper.cfbundle; includeInIndex = 0; path = Lab1Tests.xctest; sourceTree = BUILT_PRODUCTS_DIR; };
		808768451A70CA900082E1EC /* Info.plist */ = {isa = PBXFileReference; lastKnownFileType = text.plist.xml; path = Info.plist; sourceTree = "<group>"; };
		808768461A70CA900082E1EC /* Lab1Tests.m */ = {isa = PBXFileReference; lastKnownFileType = sourcecode.c.objc; path = Lab1Tests.m; sourceTree = "<group>"; };
/* End PBXFileReference section */

/* Begin PBXFrameworksBuildPhase section */
		808768241A70CA900082E1EC /* Frameworks */ = {
			isa = PBXFrameworksBuildPhase;
			buildActionMask = 2147483647;
			files = (
			);
			runOnlyForDeploymentPostprocessing = 0;
		};
		8087683D1A70CA900082E1EC /* Frameworks */ = {
			isa = PBXFrameworksBuildPhase;
			buildActionMask = 2147483647;
			files = (
			);
			runOnlyForDeploymentPostprocessing = 0;
		};
/* End PBXFrameworksBuildPhase section */

/* Begin PBXGroup section */
		8087681E1A70CA900082E1EC = {
			isa = PBXGroup;
			children = (
				808768291A70CA900082E1EC /* Lab1 */,
				808768431A70CA900082E1EC /* Lab1Tests */,
				808768281A70CA900082E1EC /* Products */,
			);
			sourceTree = "<group>";
		};
		808768281A70CA900082E1EC /* Products */ = {
			isa = PBXGroup;
			children = (
				808768271A70CA900082E1EC /* Lab1.app */,
				808768401A70CA900082E1EC /* Lab1Tests.xctest */,
			);
			name = Products;
			sourceTree = "<group>";
		};
		808768291A70CA900082E1EC /* Lab1 */ = {
			isa = PBXGroup;
			children = (
				8087682E1A70CA900082E1EC /* AppDelegate.h */,
				8087682F1A70CA900082E1EC /* AppDelegate.m */,
				808768311A70CA900082E1EC /* ViewController.h */,
				808768321A70CA900082E1EC /* ViewController.m */,
				808768341A70CA900082E1EC /* Main.storyboard */,
				808768371A70CA900082E1EC /* Images.xcassets */,
				808768391A70CA900082E1EC /* LaunchScreen.xib */,
				8087682A1A70CA900082E1EC /* Supporting Files */,
			);
			path = Lab1;
			sourceTree = "<group>";
		};
		8087682A1A70CA900082E1EC /* Supporting Files */ = {
			isa = PBXGroup;
			children = (
				8087682B1A70CA900082E1EC /* Info.plist */,
				8087682C1A70CA900082E1EC /* main.m */,
			);
			name = "Supporting Files";
			sourceTree = "<group>";
		};
		808768431A70CA900082E1EC /* Lab1Tests */ = {
			isa = PBXGroup;
			children = (
				808768461A70CA900082E1EC /* Lab1Tests.m */,
				808768441A70CA900082E1EC /* Supporting Files */,
			);
			path = Lab1Tests;
			sourceTree = "<group>";
		};
		808768441A70CA900082E1EC /* Supporting Files */ = {
			isa = PBXGroup;
			children = (
				808768451A70CA900082E1EC /* Info.plist */,
			);
			name = "Supporting Files";
			sourceTree = "<group>";
		};
/* End PBXGroup section */

/* Begin PBXNativeTarget section */
		808768261A70CA900082E1EC /* Lab1 */ = {
			isa = PBXNativeTarget;
			buildConfigurationList = 8087684A1A70CA900082E1EC /* Build configuration list for PBXNativeTarget "Lab1" */;
			buildPhases = (
				808768231A70CA900082E1EC /* Sources */,
				808768241A70CA900082E1EC /* Frameworks */,
				808768251A70CA900082E1EC /* Resources */,
			);
			buildRules = (
			);
			dependencies = (
			);
			name = Lab1;
			productName = Lab1;
			productReference = 808768271A70CA900082E1EC /* Lab1.app */;
			productType = "com.apple.product-type.application";
		};
		8087683F1A70CA900082E1EC /* Lab1Tests */ = {
			isa = PBXNativeTarget;
			buildConfigurationList = 8087684D1A70CA900082E1EC /* Build configuration list for PBXNativeTarget "Lab1Tests" */;
			buildPhases = (
				8087683C1A70CA900082E1EC /* Sources */,
				8087683D1A70CA900082E1EC /* Frameworks */,
				8087683E1A70CA900082E1EC /* Resources */,
			);
			buildRules = (
			);
			dependencies = (
				808768421A70CA900082E1EC /* PBXTargetDependency */,
			);
			name = Lab1Tests;
			productName = Lab1Tests;
			productReference = 808768401A70CA900082E1EC /* Lab1Tests.xctest */;
			productType = "com.apple.product-type.bundle.unit-test";
		};
/* End PBXNativeTarget section */

/* Begin PBXProject section */
		8087681F1A70CA900082E1EC /* Project object */ = {
			isa = PBXProject;
			attributes = {
				LastUpgradeCheck = 0610;
				ORGANIZATIONNAME = Nicky;
				TargetAttributes = {
					808768261A70CA900082E1EC = {
						CreatedOnToolsVersion = 6.1.1;
					};
					8087683F1A70CA900082E1EC = {
						CreatedOnToolsVersion = 6.1.1;
						TestTargetID = 808768261A70CA900082E1EC;
					};
				};
			};
			buildConfigurationList = 808768221A70CA900082E1EC /* Build configuration list for PBXProject "Lab1" */;
			compatibilityVersion = "Xcode 3.2";
			developmentRegion = English;
			hasScannedForEncodings = 0;
			knownRegions = (
				en,
				Base,
			);
			mainGroup = 8087681E1A70CA900082E1EC;
			productRefGroup = 808768281A70CA900082E1EC /* Products */;
			projectDirPath = "";
			projectRoot = "";
			targets = (
				808768261A70CA900082E1EC /* Lab1 */,
				8087683F1A70CA900082E1EC /* Lab1Tests */,
			);
		};
/* End PBXProject section */

/* Begin PBXResourcesBuildPhase section */
		808768251A70CA900082E1EC /* Resources */ = {
			isa = PBXResourcesBuildPhase;
			buildActionMask = 2147483647;
			files = (
				808768361A70CA900082E1EC /* Main.storyboard in Resources */,
				8087683B1A70CA900082E1EC /* LaunchScreen.xib in Resources */,
				808768381A70CA900082E1EC /* Images.xcassets in Resources */,
			);
			runOnlyForDeploymentPostprocessing = 0;
		};
		8087683E1A70CA900082E1EC /* Resources */ = {
			isa = PBXResourcesBuildPhase;
			buildActionMask = 2147483647;
			files = (
			);
			runOnlyForDeploymentPostprocessing = 0;
		};
/* End PBXResourcesBuildPhase section */

/* Begin PBXSourcesBuildPhase section */
		808768231A70CA900082E1EC /* Sources */ = {
			isa = PBXSourcesBuildPhase;
			buildActionMask = 2147483647;
			files = (
				808768331A70CA900082E1EC /* ViewController.m in Sources */,
				808768301A70CA900082E1EC /* AppDelegate.m in Sources */,
				8087682D1A70CA900082E1EC /* main.m in Sources */,
			);
			runOnlyForDeploymentPostprocessing = 0;
		};
		8087683C1A70CA900082E1EC /* Sources */ = {
			isa = PBXSourcesBuildPhase;
			buildActionMask = 2147483647;
			files = (
				808768471A70CA900082E1EC /* Lab1Tests.m in Sources */,
			);
			runOnlyForDeploymentPostprocessing = 0;
		};
/* End PBXSourcesBuildPhase section */

/* Begin PBXTargetDependency section */
		808768421A70CA900082E1EC /* PBXTargetDependency */ = {
			isa = PBXTargetDependency;
			target = 808768261A70CA900082E1EC /* Lab1 */;
			targetProxy = 808768411A70CA900082E1EC /* PBXContainerItemProxy */;
		};
/* End PBXTargetDependency section */

/* Begin PBXVariantGroup section */
		808768341A70CA900082E1EC /* Main.storyboard */ = {
			isa = PBXVariantGroup;
			children = (
				808768351A70CA900082E1EC /* Base */,
			);
			name = Main.storyboard;
			sourceTree = "<group>";
		};
		808768391A70CA900082E1EC /* LaunchScreen.xib */ = {
			isa = PBXVariantGroup;
			children = (
				8087683A1A70CA900082E1EC /* Base */,
			);
			name = LaunchScreen.xib;
			sourceTree = "<group>";
		};
/* End PBXVariantGroup section */

/* Begin XCBuildConfiguration section */
		808768481A70CA900082E1EC /* Debug */ = {
			isa = XCBuildConfiguration;
			buildSettings = {
				ALWAYS_SEARCH_USER_PATHS = NO;
				CLANG_CXX_LANGUAGE_STANDARD = "gnu++0x";
				CLANG_CXX_LIBRARY = "libc++";
				CLANG_ENABLE_MODULES = YES;
				CLANG_ENABLE_OBJC_ARC = YES;
				CLANG_WARN_BOOL_CONVERSION = YES;
				CLANG_WARN_CONSTANT_CONVERSION = YES;
				CLANG_WARN_DIRECT_OBJC_ISA_USAGE = YES_ERROR;
				CLANG_WARN_EMPTY_BODY = YES;
				CLANG_WARN_ENUM_CONVERSION = YES;
				CLANG_WARN_INT_CONVERSION = YES;
				CLANG_WARN_OBJC_ROOT_CLASS = YES_ERROR;
				CLANG_WARN_UNREACHABLE_CODE = YES;
				CLANG_WARN__DUPLICATE_METHOD_MATCH = YES;
				"CODE_SIGN_IDENTITY[sdk=iphoneos*]" = "iPhone Developer";
				COPY_PHASE_STRIP = NO;
				ENABLE_STRICT_OBJC_MSGSEND = YES;
				GCC_C_LANGUAGE_STANDARD = gnu99;
				GCC_DYNAMIC_NO_PIC = NO;
				GCC_OPTIMIZATION_LEVEL = 0;
				GCC_PREPROCESSOR_DEFINITIONS = (
					"DEBUG=1",
					"$(inherited)",
				);
				GCC_SYMBOLS_PRIVATE_EXTERN = NO;
				GCC_WARN_64_TO_32_BIT_CONVERSION = YES;
				GCC_WARN_ABOUT_RETURN_TYPE = YES_ERROR;
				GCC_WARN_UNDECLARED_SELECTOR = YES;
				GCC_WARN_UNINITIALIZED_AUTOS = YES_AGGRESSIVE;
				GCC_WARN_UNUSED_FUNCTION = YES;
				GCC_WARN_UNUSED_VARIABLE = YES;
				IPHONEOS_DEPLOYMENT_TARGET = 8.1;
				MTL_ENABLE_DEBUG_INFO = YES;
				ONLY_ACTIVE_ARCH = YES;
				SDKROOT = iphoneos;
			};
			name = Debug;
		};
		808768491A70CA900082E1EC /* Release */ = {
			isa = XCBuildConfiguration;
			buildSettings = {
				ALWAYS_SEARCH_USER_PATHS = NO;
				CLANG_CXX_LANGUAGE_STANDARD = "gnu++0x";
				CLANG_CXX_LIBRARY = "libc++";
				CLANG_ENABLE_MODULES = YES;
				CLANG_ENABLE_OBJC_ARC = YES;
				CLANG_WARN_BOOL_CONVERSION = YES;
				CLANG_WARN_CONSTANT_CONVERSION = YES;
				CLANG_WARN_DIRECT_OBJC_ISA_USAGE = YES_ERROR;
				CLANG_WARN_EMPTY_BODY = YES;
				CLANG_WARN_ENUM_CONVERSION = YES;
				CLANG_WARN_INT_CONVERSION = YES;
				CLANG_WARN_OBJC_ROOT_CLASS = YES_ERROR;
				CLANG_WARN_UNREACHABLE_CODE = YES;
				CLANG_WARN__DUPLICATE_METHOD_MATCH = YES;
				"CODE_SIGN_IDENTITY[sdk=iphoneos*]" = "iPhone Developer";
				COPY_PHASE_STRIP = YES;
				ENABLE_NS_ASSERTIONS = NO;
				ENABLE_STRICT_OBJC_MSGSEND = YES;
				GCC_C_LANGUAGE_STANDARD = gnu99;
				GCC_WARN_64_TO_32_BIT_CONVERSION = YES;
				GCC_WARN_ABOUT_RETURN_TYPE = YES_ERROR;
				GCC_WARN_UNDECLARED_SELECTOR = YES;
				GCC_WARN_UNINITIALIZED_AUTOS = YES_AGGRESSIVE;
				GCC_WARN_UNUSED_FUNCTION = YES;
				GCC_WARN_UNUSED_VARIABLE = YES;
				IPHONEOS_DEPLOYMENT_TARGET = 8.1;
				MTL_ENABLE_DEBUG_INFO = NO;
				SDKROOT = iphoneos;
				VALIDATE_PRODUCT = YES;
			};
			name = Release;
		};
		8087684B1A70CA900082E1EC /* Debug */ = {
			isa = XCBuildConfiguration;
			buildSettings = {
				ASSETCATALOG_COMPILER_APPICON_NAME = AppIcon;
				INFOPLIST_FILE = Lab1/Info.plist;
				LD_RUNPATH_SEARCH_PATHS = "$(inherited) @executable_path/Frameworks";
				PRODUCT_NAME = "$(TARGET_NAME)";
			};
			name = Debug;
		};
		8087684C1A70CA900082E1EC /* Release */ = {
			isa = XCBuildConfiguration;
			buildSettings = {
				ASSETCATALOG_COMPILER_APPICON_NAME = AppIcon;
				INFOPLIST_FILE = Lab1/Info.plist;
				LD_RUNPATH_SEARCH_PATHS = "$(inherited) @executable_path/Frameworks";
				PRODUCT_NAME = "$(TARGET_NAME)";
			};
			name = Release;
		};
		8087684E1A70CA900082E1EC /* Debug */ = {
			isa = XCBuildConfiguration;
			buildSettings = {
				BUNDLE_LOADER = "$(TEST_HOST)";
				FRAMEWORK_SEARCH_PATHS = (
					"$(SDKROOT)/Developer/Library/Frameworks",
					"$(inherited)",
				);
				GCC_PREPROCESSOR_DEFINITIONS = (
					"DEBUG=1",
					"$(inherited)",
				);
				INFOPLIST_FILE = Lab1Tests/Info.plist;
				LD_RUNPATH_SEARCH_PATHS = "$(inherited) @executable_path/Frameworks @loader_path/Frameworks";
				PRODUCT_NAME = "$(TARGET_NAME)";
				TEST_HOST = "$(BUILT_PRODUCTS_DIR)/Lab1.app/Lab1";
			};
			name = Debug;
		};
		8087684F1A70CA900082E1EC /* Release */ = {
			isa = XCBuildConfiguration;
			buildSettings = {
				BUNDLE_LOADER = "$(TEST_HOST)";
				FRAMEWORK_SEARCH_PATHS = (
					"$(SDKROOT)/Developer/Library/Frameworks",
					"$(inherited)",
				);
				INFOPLIST_FILE = Lab1Tests/Info.plist;
				LD_RUNPATH_SEARCH_PATHS = "$(inherited) @executable_path/Frameworks @loader_path/Frameworks";
				PRODUCT_NAME = "$(TARGET_NAME)";
				TEST_HOST = "$(BUILT_PRODUCTS_DIR)/Lab1.app/Lab1";
			};
			name = Release;
		};
/* End XCBuildConfiguration section */

/* Begin XCConfigurationList section */
		808768221A70CA900082E1EC /* Build configuration list for PBXProject "Lab1" */ = {
			isa = XCConfigurationList;
			buildConfigurations = (
				808768481A70CA900082E1EC /* Debug */,
				808768491A70CA900082E1EC /* Release */,
			);
			defaultConfigurationIsVisible = 0;
			defaultConfigurationName = Release;
		};
		8087684A1A70CA900082E1EC /* Build configuration list for PBXNativeTarget "Lab1" */ = {
			isa = XCConfigurationList;
			buildConfigurations = (
				8087684B1A70CA900082E1EC /* Debug */,
				8087684C1A70CA900082E1EC /* Release */,
			);
			defaultConfigurationIsVisible = 0;
		};
		8087684D1A70CA900082E1EC /* Build configuration list for PBXNativeTarget "Lab1Tests" */ = {
			isa = XCConfigurationList;
			buildConfigurations = (
				8087684E1A70CA900082E1EC /* Debug */,
				8087684F1A70CA900082E1EC /* Release */,
			);
			defaultConfigurationIsVisible = 0;
		};
/* End XCConfigurationList section */
	};
	rootObject = 8087681F1A70CA900082E1EC /* Project object */;
}
